<?xml version="1.0" encoding="UTF-8" standalone="yes" ?>
<CodeBlocks_project_file>
	<FileVersion major="1" minor="6" />
	<Project>
		<Option title="Baccarat_OOP" />
		<Option pch_mode="2" />
		<Option compiler="gcc" />
		<Build>
			<Target title="Debug">
				<Option output="bin/Debug/Baccarat_OOP" prefix_auto="1" extension_auto="1" />
				<Option object_output="obj/Debug/" />
				<Option type="1" />
				<Option compiler="gcc" />
				<Compiler>
					<Add option="-g" />
				</Compiler>
			</Target>
			<Target title="Release">
				<Option output="bin/Release/Baccarat_OOP" prefix_auto="1" extension_auto="1" />
				<Option object_output="obj/Release/" />
				<Option type="1" />
				<Option compiler="gcc" />
				<Compiler>
					<Add option="-O2" />
				</Compiler>
			</Target>
		</Build>
		<Compiler>
			<Add option="-std=c++11" />
			<Add directory="include" />
		</Compiler>
		<Unit filename="main.cpp" />
		<Unit filename="include/Common.h" />
		<Unit filename="include/Card.h" />
		<Unit filename="include/Shoe.h" />
		<Unit filename="include/Hand.h" />
		<Unit filename="include/GamePlay.h" />
		<Unit filename="include/Strategy.h" />
		<Unit filename="include/ThongKe.h" />
		<Unit filename="src/Common.cpp" />
		<Unit filename="src/Card.cpp" />
		<Unit filename="src/Shoe.cpp" />
		<Unit filename="src/Hand.cpp" />
		<Unit filename="src/GamePlay.cpp" />
		<Unit filename="src/Strategy.cpp" />
		<Unit filename="src/ThongKe.cpp" />
		<Extensions />
	</Project>
</CodeBlocks_project_file>
